{
    "_meta": {
        "hash": {
            "sha256": "fe5b193d16a84ec40d8c2a5ef68d3a1ad8616a9cc5dcd63558be8e80a947cbc6"
        },
        "pipfile-spec": 6,
        "requires": {
            "python_version": "*"
        },
        "sources": [
            {
                "name": "pypi",
                "url": "https://pypi.org/simple",
                "verify_ssl": true
            }
        ]
    },
    "default": {
        "pycurl": {
            "hashes": [
                "sha256:0f0cdfc7a92d4f2a5c44226162434e34f7d6967d3af416a6f1448649c09a25a4",
                "sha256:10510a0016c862af467c6e069e051409f15f5831552bed03f5104b395a5d7dd1",
                "sha256:208dd2c89e80d32a69397ba8a5cdb3bc0dc60f961a4f2a9662e5e1624dc799d1",
                "sha256:6dc6ee5e7628400083471cba8044010860fe8b22e4dee05e42150a68047d7d9d",
                "sha256:794bda39ea6fe434b6e1f58ab3bea9f0e6123fb43702fecd760eed6f1547b20a",
                "sha256:dae7277e7c06da00947f3cd32c095b1e65eae09f07478ada4ea9dfa57020b646",
                "sha256:eccea049aef47decc380746b3ff242d95636d578c907d0eab3b00918292d6c48"
            ],
            "index": "pypi",
            "version": "==7.43.0.2"
        },
        "pyyaml": {
            "hashes": [
                "sha256:3d7da3009c0f3e783b2c873687652d83b1bbfd5c88e9813fb7e5b03c0dd3108b",
                "sha256:3ef3092145e9b70e3ddd2c7ad59bdd0252a94dfe3949721633e41344de00a6bf",
                "sha256:40c71b8e076d0550b2e6380bada1f1cd1017b882f7e16f09a65be98e017f211a",
                "sha256:558dd60b890ba8fd982e05941927a3911dc409a63dcb8b634feaa0cda69330d3",
                "sha256:a7c28b45d9f99102fa092bb213aa12e0aaf9a6a1f5e395d36166639c1f96c3a1",
                "sha256:aa7dd4a6a427aed7df6fb7f08a580d68d9b118d90310374716ae90b710280af1",
                "sha256:bc558586e6045763782014934bfaf39d48b8ae85a2713117d16c39864085c613",
                "sha256:d46d7982b62e0729ad0175a9bc7e10a566fc07b224d2c79fafb5e032727eaa04",
                "sha256:d5eef459e30b09f5a098b9cea68bebfeb268697f78d647bd255a085371ac7f3f",
                "sha256:e01d3203230e1786cd91ccfdc8f8454c8069c91bee3962ad93b87a4b2860f537",
                "sha256:e170a9e6fcfd19021dd29845af83bb79236068bf5fd4df3327c1be18182b2531"
            ],
            "index": "pypi",
            "version": "==3.13"
        },
        "tornado": {
            "hashes": [
                "sha256:0662d28b1ca9f67108c7e3b77afabfb9c7e87bde174fbda78186ecedc2499a9d",
                "sha256:4e5158d97583502a7e2739951553cbd88a72076f152b4b11b64b9a10c4c49409",
                "sha256:732e836008c708de2e89a31cb2fa6c0e5a70cb60492bee6f1ea1047500feaf7f",
                "sha256:8154ec22c450df4e06b35f131adc4f2f3a12ec85981a203301d310abf580500f",
                "sha256:8e9d728c4579682e837c92fdd98036bd5cdefa1da2aaf6acf26947e6dd0c01c5",
                "sha256:d4b3e5329f572f055b587efc57d29bd051589fb5a43ec8898c77a47ec2fa2bbb",
                "sha256:e5f2585afccbff22390cddac29849df463b252b711aa2ce7c5f3f342a5b3b444"
            ],
            "index": "pypi",
            "version": "==5.1.1"
        }
    },
    "develop": {}
}
